
Microsoft Visual Studio Solution File, Format Version 12.00
# Visual Studio Version 17
VisualStudioVersion = 17.7.34031.279
MinimumVisualStudioVersion = 10.0.40219.1
Project("{9A19103F-16F7-4668-BE54-9A1E7A4F7556}") = "TimeSpanHelper", "TimeSpanHelper\TimeSpanHelper.csproj", "{42BF11B1-567E-45E5-8243-5974D3DFD503}"
EndProject
Project("{9A19103F-16F7-4668-BE54-9A1E7A4F7556}") = "TimeSpanDemo", "TimeSpanDemo\TimeSpanDemo.csproj", "{5E4E4D2E-1D6B-4FDA-83A2-87143E56C6F1}"
EndProject
Project("{2150E333-8FDC-42A3-9474-1A3956D46DE8}") = "Solution Items", "Solution Items", "{7EBECC0C-0550-4212-B0F8-43CC63A51CCF}"
	ProjectSection(SolutionItems) = preProject
		README.md = README.md
	EndProjectSection
EndProject
Project("{FAE04EC0-301F-11D3-BF4B-00C04F79EFBC}") = "TimeSpanHelper.Tests", "TimeSpanHelper.Tests\TimeSpanHelper.Tests.csproj", "{619595D8-BD69-4318-B538-A8A249CBD8F4}"
EndProject
Global
	GlobalSection(SolutionConfigurationPlatforms) = preSolution
		Debug|Any CPU = Debug|Any CPU
		Release|Any CPU = Release|Any CPU
	EndGlobalSection
	GlobalSection(ProjectConfigurationPlatforms) = postSolution
		{42BF11B1-567E-45E5-8243-5974D3DFD503}.Debug|Any CPU.ActiveCfg = Debug|Any CPU
		{42BF11B1-567E-45E5-8243-5974D3DFD503}.Debug|Any CPU.Build.0 = Debug|Any CPU
		{42BF11B1-567E-45E5-8243-5974D3DFD503}.Release|Any CPU.ActiveCfg = Release|Any CPU
		{42BF11B1-567E-45E5-8243-5974D3DFD503}.Release|Any CPU.Build.0 = Release|Any CPU
		{5E4E4D2E-1D6B-4FDA-83A2-87143E56C6F1}.Debug|Any CPU.ActiveCfg = Debug|Any CPU
		{5E4E4D2E-1D6B-4FDA-83A2-87143E56C6F1}.Debug|Any CPU.Build.0 = Debug|Any CPU
		{5E4E4D2E-1D6B-4FDA-83A2-87143E56C6F1}.Release|Any CPU.ActiveCfg = Release|Any CPU
		{5E4E4D2E-1D6B-4FDA-83A2-87143E56C6F1}.Release|Any CPU.Build.0 = Release|Any CPU
		{619595D8-BD69-4318-B538-A8A249CBD8F4}.Debug|Any CPU.ActiveCfg = Debug|Any CPU
		{619595D8-BD69-4318-B538-A8A249CBD8F4}.Debug|Any CPU.Build.0 = Debug|Any CPU
		{619595D8-BD69-4318-B538-A8A249CBD8F4}.Release|Any CPU.ActiveCfg = Release|Any CPU
		{619595D8-BD69-4318-B538-A8A249CBD8F4}.Release|Any CPU.Build.0 = Release|Any CPU
	EndGlobalSection
	GlobalSection(SolutionProperties) = preSolution
		HideSolutionNode = FALSE
	EndGlobalSection
	GlobalSection(ExtensibilityGlobals) = postSolution
		SolutionGuid = {51290DF4-93D4-434C-80E6-FDEF62430606}
	EndGlobalSection
EndGlobal
